
Microsoft Visual Studio Solution File, Format Version 12.00
# Visual Studio Version 17
VisualStudioVersion = 17.13.35931.197 d17.13
MinimumVisualStudioVersion = 10.0.40219.1
Project("{8BC9CEB8-8B4A-11D0-8D11-00A0C91BC942}") = "KamataEngineNovice1", "KamataEngineNovice1.vcxproj", "{A53452AD-8DEB-47BD-9189-8B2BD2746471}"
EndProject
Global
	GlobalSection(SolutionConfigurationPlatforms) = preSolution
		Debug|x64 = Debug|x64
		Release|x64 = Release|x64
	EndGlobalSection
	GlobalSection(ProjectConfigurationPlatforms) = postSolution
		{A53452AD-8DEB-47BD-9189-8B2BD2746471}.Debug|x64.ActiveCfg = Debug|x64
		{A53452AD-8DEB-47BD-9189-8B2BD2746471}.Debug|x64.Build.0 = Debug|x64
		{A53452AD-8DEB-47BD-9189-8B2BD2746471}.Release|x64.ActiveCfg = Release|x64
		{A53452AD-8DEB-47BD-9189-8B2BD2746471}.Release|x64.Build.0 = Release|x64
	EndGlobalSection
	GlobalSection(SolutionProperties) = preSolution
		HideSolutionNode = FALSE
	EndGlobalSection
	GlobalSection(ExtensibilityGlobals) = postSolution
		SolutionGuid = {47AEB244-5DF3-4F92-92BF-0BD943B467E4}
	EndGlobalSection
EndGlobal
